<?xml version="1.0" encoding="utf-8"?>
<Project ToolsVersion="4.0" xmlns="http://schemas.microsoft.com/developer/msbuild/2003">
  <ItemGroup>
    <Filter Include="Source Files">
      <UniqueIdentifier>{7c7e5dfb-fd8e-4ce9-88bb-b7ecc2f8551c}</UniqueIdentifier>
      <Extensions>cpp;c;cxx;def;odl;idl;hpj;bat;asm</Extensions>
    </Filter>
    <Filter Include="Header Files">
      <UniqueIdentifier>{b4f69000-7b45-48a3-96f9-971ef4a62b84}</UniqueIdentifier>
      <Extensions>h;hpp;hxx;hm;inl;inc</Extensions>
    </Filter>
    <Filter Include="Resource Files">
      <UniqueIdentifier>{ae4cc843-ee4e-4662-ac6a-0e9eeefcaa33}</UniqueIdentifier>
      <Extensions>rc;ico;cur;bmp;dlg;rc2;rct;bin;rgs;jpg;jpeg;jpe;manifest</Extensions>
    </Filter>
    <Filter Include="SoUI Resouece">
      <UniqueIdentifier>{c901aff9-9876-4e8a-ad26-d9370e1815a3}</UniqueIdentifier>
      <Extensions>idx;xml;png;gif;jpg;ico;lua;bmp</Extensions>
    </Filter>
    <Filter Include="license">
      <UniqueIdentifier>{0d26c7fa-f201-41c1-a57a-22b68539f993}</UniqueIdentifier>
    </Filter>
  </ItemGroup>
  <ItemGroup>
    <Text Include="readme.txt" />
    <Text Include="license\license.txt">
      <Filter>license</Filter>
    </Text>
  </ItemGroup>
  <ItemGroup>
    <ClCompile Include="DeleteAllFileReboot.cpp">
      <Filter>Source Files</Filter>
    </ClCompile>
    <ClCompile Include="MainDlg.cpp">
      <Filter>Source Files</Filter>
    </ClCompile>
    <ClCompile Include="stdafx.cpp">
      <Filter>Source Files</Filter>
    </ClCompile>
  </ItemGroup>
  <ItemGroup>
    <ResourceCompile Include="DeleteAllFileReboot.rc">
      <Filter>Resource Files</Filter>
    </ResourceCompile>
  </ItemGroup>
  <ItemGroup>
    <ClInclude Include="MainDlg.h">
      <Filter>Header Files</Filter>
    </ClInclude>
    <ClInclude Include="resource.h">
      <Filter>Header Files</Filter>
    </ClInclude>
    <ClInclude Include="stdafx.h">
      <Filter>Header Files</Filter>
    </ClInclude>
  </ItemGroup>
  <ItemGroup>
    <None Include="res\soui_res.rc2">
      <Filter>Resource Files</Filter>
    </None>
  </ItemGroup>
  <ItemGroup>
    <Xml Include="uires\uidef\init.xml">
      <Filter>SoUI Resouece</Filter>
    </Xml>
    <Xml Include="uires\values\color.xml">
      <Filter>SoUI Resouece</Filter>
    </Xml>
    <Xml Include="uires\values\skin.xml">
      <Filter>SoUI Resouece</Filter>
    </Xml>
    <Xml Include="uires\values\string.xml">
      <Filter>SoUI Resouece</Filter>
    </Xml>
    <Xml Include="uires\xml\dlg_main.xml">
      <Filter>SoUI Resouece</Filter>
    </Xml>
  </ItemGroup>
  <ItemGroup>
    <Image Include="uires\image\soui.ico">
      <Filter>SoUI Resouece</Filter>
    </Image>
  </ItemGroup>
  <ItemGroup>
    <CustomBuild Include="uires\uires.idx">
      <Filter>SoUI Resouece</Filter>
    </CustomBuild>
  </ItemGroup>
</Project>